
Microsoft Visual Studio Solution File, Format Version 12.00
# Visual Studio 14
VisualStudioVersion = 14.0.24720.0
MinimumVisualStudioVersion = 10.0.40219.1
Project("{FAE04EC0-301F-11D3-BF4B-00C04F79EFBC}") = "CommonFrameWork", "CommonFrameWork\CommonFrameWork.csproj", "{5E9EB7E1-4AE8-413E-9DB1-4E300C355BA0}"
EndProject
Project("{FAE04EC0-301F-11D3-BF4B-00C04F79EFBC}") = "CommonFrameWorkUnitTestProject", "CommonFrameWorkUnitTestProject\CommonFrameWorkUnitTestProject.csproj", "{C2B85005-663A-40CF-8C98-90E371159A8B}"
EndProject
Project("{FAE04EC0-301F-11D3-BF4B-00C04F79EFBC}") = "CommonFrameWork.Extensions.Autofac", "CommonFrameWork.Extensions.Autofac\CommonFrameWork.Extensions.Autofac.csproj", "{D42F731D-A7EF-4E66-9746-B3ACBB790951}"
EndProject
Project("{FAE04EC0-301F-11D3-BF4B-00C04F79EFBC}") = "CommonFrameWork.Extensions.MassTransit", "CommonFrameWork.Extensions.MassTransit\CommonFrameWork.Extensions.MassTransit.csproj", "{2C06B334-B5E0-4231-A335-EB034284E041}"
EndProject
Project("{FAE04EC0-301F-11D3-BF4B-00C04F79EFBC}") = "Project.Domain.Core", "Project.Domain.Core\Project.Domain.Core.csproj", "{7B93AD6B-59FE-42A6-8B4D-172DDB1965A3}"
EndProject
Project("{2150E333-8FDC-42A3-9474-1A3956D46DE8}") = "1.CommonFrameWork", "1.CommonFrameWork", "{1227BF6E-1222-4A83-8D35-C59287BFC65D}"
EndProject
Project("{2150E333-8FDC-42A3-9474-1A3956D46DE8}") = "2.Domain", "2.Domain", "{1E044BE1-1571-4D38-992B-AA624C9D1262}"
EndProject
Project("{FAE04EC0-301F-11D3-BF4B-00C04F79EFBC}") = "Project.Domain.ModuleManager", "Project.Domain.ModuleManager\Project.Domain.ModuleManager.csproj", "{67E9DF81-EC6D-46AB-92A6-40272F61A054}"
EndProject
Project("{2150E333-8FDC-42A3-9474-1A3956D46DE8}") = "Test", "Test", "{FE6EB919-FFAA-4758-871A-09A437402DF5}"
EndProject
Project("{FAE04EC0-301F-11D3-BF4B-00C04F79EFBC}") = "CommonFrameWork.Extensions.Log4Net", "CommonFrameWork.Extensions.Log4Net\CommonFrameWork.Extensions.Log4Net.csproj", "{5DBDED95-321C-4B77-95A4-395AABCB8CDE}"
EndProject
Project("{FAE04EC0-301F-11D3-BF4B-00C04F79EFBC}") = "TestInitApp", "TestInitApp\TestInitApp.csproj", "{66F1A10F-7EF9-42AF-BC49-04DFDF9D81F1}"
EndProject
Project("{FAE04EC0-301F-11D3-BF4B-00C04F79EFBC}") = "CommonFrameWork.Extensions.NewTonSoft", "CommonFrameWork.Extensions.NewTonSoft\CommonFrameWork.Extensions.NewTonSoft.csproj", "{628E7B1A-F325-4D0E-83DC-7B6E2A5FBED7}"
EndProject
Project("{FAE04EC0-301F-11D3-BF4B-00C04F79EFBC}") = "CommonFrameWork.Extensions.NHibernate", "CommonFrameWork.Extensions.NHibernate\CommonFrameWork.Extensions.NHibernate.csproj", "{19D5266E-DCDD-430F-BFBF-D90C5AB4B5BF}"
EndProject
Project("{FAE04EC0-301F-11D3-BF4B-00C04F79EFBC}") = "CommonFrameWork.Extensions.NHibernate.Test", "CommonFrameWork.Extensions.NHibernate.Test\CommonFrameWork.Extensions.NHibernate.Test.csproj", "{610CB96D-8232-48DD-B27D-636FF9E74A47}"
EndProject
Project("{FAE04EC0-301F-11D3-BF4B-00C04F79EFBC}") = "CommonFrameWork.Test.Common", "CommonFrameWork.Test.Common\CommonFrameWork.Test.Common.csproj", "{44893853-B60A-48A7-B891-2AA8CF690C19}"
EndProject
Project("{2150E333-8FDC-42A3-9474-1A3956D46DE8}") = "history", "history", "{3F237E49-469E-43E7-BDF2-F255BDBF9D71}"
EndProject
Project("{2150E333-8FDC-42A3-9474-1A3956D46DE8}") = "Application", "Application", "{66584EA8-2A4C-4D2C-A04B-6E22C4F0DA7A}"
EndProject
Project("{FAE04EC0-301F-11D3-BF4B-00C04F79EFBC}") = "Project.Domain.Core.Nhibernate", "Project.Domain.Core.Nhibernate\Project.Domain.Core.Nhibernate.csproj", "{203BB2CE-F074-416C-A6D3-BA984C78AB27}"
EndProject
Project("{FAE04EC0-301F-11D3-BF4B-00C04F79EFBC}") = "TestOrm", "TestOrm\TestOrm.csproj", "{FB0B33AD-6A46-4C9D-BCE0-C3BD5D27D04C}"
EndProject
Project("{FAE04EC0-301F-11D3-BF4B-00C04F79EFBC}") = "WetTest", "WetTest\WetTest.csproj", "{934CFE86-F944-4305-AF57-6F66627A5997}"
EndProject
Project("{FAE04EC0-301F-11D3-BF4B-00C04F79EFBC}") = "Project.Application", "Project.Application\Project.Application.csproj", "{01E9FFBA-2A7C-4273-9AA1-FB6DB0371B27}"
EndProject
Project("{FAE04EC0-301F-11D3-BF4B-00C04F79EFBC}") = "Project.Application.ServiceContracts", "Project.Application.ServiceContracts\Project.Application.ServiceContracts.csproj", "{FAFA82A0-CBEA-4631-9485-44180873C6C6}"
EndProject
Global
	GlobalSection(SolutionConfigurationPlatforms) = preSolution
		Debug|Any CPU = Debug|Any CPU
		Release|Any CPU = Release|Any CPU
	EndGlobalSection
	GlobalSection(ProjectConfigurationPlatforms) = postSolution
		{5E9EB7E1-4AE8-413E-9DB1-4E300C355BA0}.Debug|Any CPU.ActiveCfg = Debug|Any CPU
		{5E9EB7E1-4AE8-413E-9DB1-4E300C355BA0}.Debug|Any CPU.Build.0 = Debug|Any CPU
		{5E9EB7E1-4AE8-413E-9DB1-4E300C355BA0}.Release|Any CPU.ActiveCfg = Release|Any CPU
		{5E9EB7E1-4AE8-413E-9DB1-4E300C355BA0}.Release|Any CPU.Build.0 = Release|Any CPU
		{C2B85005-663A-40CF-8C98-90E371159A8B}.Debug|Any CPU.ActiveCfg = Debug|Any CPU
		{C2B85005-663A-40CF-8C98-90E371159A8B}.Debug|Any CPU.Build.0 = Debug|Any CPU
		{C2B85005-663A-40CF-8C98-90E371159A8B}.Release|Any CPU.ActiveCfg = Release|Any CPU
		{C2B85005-663A-40CF-8C98-90E371159A8B}.Release|Any CPU.Build.0 = Release|Any CPU
		{D42F731D-A7EF-4E66-9746-B3ACBB790951}.Debug|Any CPU.ActiveCfg = Debug|Any CPU
		{D42F731D-A7EF-4E66-9746-B3ACBB790951}.Debug|Any CPU.Build.0 = Debug|Any CPU
		{D42F731D-A7EF-4E66-9746-B3ACBB790951}.Release|Any CPU.ActiveCfg = Release|Any CPU
		{D42F731D-A7EF-4E66-9746-B3ACBB790951}.Release|Any CPU.Build.0 = Release|Any CPU
		{2C06B334-B5E0-4231-A335-EB034284E041}.Debug|Any CPU.ActiveCfg = Debug|Any CPU
		{2C06B334-B5E0-4231-A335-EB034284E041}.Debug|Any CPU.Build.0 = Debug|Any CPU
		{2C06B334-B5E0-4231-A335-EB034284E041}.Release|Any CPU.ActiveCfg = Release|Any CPU
		{2C06B334-B5E0-4231-A335-EB034284E041}.Release|Any CPU.Build.0 = Release|Any CPU
		{7B93AD6B-59FE-42A6-8B4D-172DDB1965A3}.Debug|Any CPU.ActiveCfg = Debug|Any CPU
		{7B93AD6B-59FE-42A6-8B4D-172DDB1965A3}.Debug|Any CPU.Build.0 = Debug|Any CPU
		{7B93AD6B-59FE-42A6-8B4D-172DDB1965A3}.Release|Any CPU.ActiveCfg = Release|Any CPU
		{7B93AD6B-59FE-42A6-8B4D-172DDB1965A3}.Release|Any CPU.Build.0 = Release|Any CPU
		{67E9DF81-EC6D-46AB-92A6-40272F61A054}.Debug|Any CPU.ActiveCfg = Debug|Any CPU
		{67E9DF81-EC6D-46AB-92A6-40272F61A054}.Debug|Any CPU.Build.0 = Debug|Any CPU
		{67E9DF81-EC6D-46AB-92A6-40272F61A054}.Release|Any CPU.ActiveCfg = Release|Any CPU
		{67E9DF81-EC6D-46AB-92A6-40272F61A054}.Release|Any CPU.Build.0 = Release|Any CPU
		{5DBDED95-321C-4B77-95A4-395AABCB8CDE}.Debug|Any CPU.ActiveCfg = Debug|Any CPU
		{5DBDED95-321C-4B77-95A4-395AABCB8CDE}.Debug|Any CPU.Build.0 = Debug|Any CPU
		{5DBDED95-321C-4B77-95A4-395AABCB8CDE}.Release|Any CPU.ActiveCfg = Release|Any CPU
		{5DBDED95-321C-4B77-95A4-395AABCB8CDE}.Release|Any CPU.Build.0 = Release|Any CPU
		{66F1A10F-7EF9-42AF-BC49-04DFDF9D81F1}.Debug|Any CPU.ActiveCfg = Debug|Any CPU
		{66F1A10F-7EF9-42AF-BC49-04DFDF9D81F1}.Debug|Any CPU.Build.0 = Debug|Any CPU
		{66F1A10F-7EF9-42AF-BC49-04DFDF9D81F1}.Release|Any CPU.ActiveCfg = Release|Any CPU
		{66F1A10F-7EF9-42AF-BC49-04DFDF9D81F1}.Release|Any CPU.Build.0 = Release|Any CPU
		{628E7B1A-F325-4D0E-83DC-7B6E2A5FBED7}.Debug|Any CPU.ActiveCfg = Debug|Any CPU
		{628E7B1A-F325-4D0E-83DC-7B6E2A5FBED7}.Debug|Any CPU.Build.0 = Debug|Any CPU
		{628E7B1A-F325-4D0E-83DC-7B6E2A5FBED7}.Release|Any CPU.ActiveCfg = Release|Any CPU
		{628E7B1A-F325-4D0E-83DC-7B6E2A5FBED7}.Release|Any CPU.Build.0 = Release|Any CPU
		{19D5266E-DCDD-430F-BFBF-D90C5AB4B5BF}.Debug|Any CPU.ActiveCfg = Debug|Any CPU
		{19D5266E-DCDD-430F-BFBF-D90C5AB4B5BF}.Debug|Any CPU.Build.0 = Debug|Any CPU
		{19D5266E-DCDD-430F-BFBF-D90C5AB4B5BF}.Release|Any CPU.ActiveCfg = Release|Any CPU
		{19D5266E-DCDD-430F-BFBF-D90C5AB4B5BF}.Release|Any CPU.Build.0 = Release|Any CPU
		{610CB96D-8232-48DD-B27D-636FF9E74A47}.Debug|Any CPU.ActiveCfg = Debug|Any CPU
		{610CB96D-8232-48DD-B27D-636FF9E74A47}.Debug|Any CPU.Build.0 = Debug|Any CPU
		{610CB96D-8232-48DD-B27D-636FF9E74A47}.Release|Any CPU.ActiveCfg = Release|Any CPU
		{610CB96D-8232-48DD-B27D-636FF9E74A47}.Release|Any CPU.Build.0 = Release|Any CPU
		{44893853-B60A-48A7-B891-2AA8CF690C19}.Debug|Any CPU.ActiveCfg = Debug|Any CPU
		{44893853-B60A-48A7-B891-2AA8CF690C19}.Debug|Any CPU.Build.0 = Debug|Any CPU
		{44893853-B60A-48A7-B891-2AA8CF690C19}.Release|Any CPU.ActiveCfg = Release|Any CPU
		{44893853-B60A-48A7-B891-2AA8CF690C19}.Release|Any CPU.Build.0 = Release|Any CPU
		{203BB2CE-F074-416C-A6D3-BA984C78AB27}.Debug|Any CPU.ActiveCfg = Debug|Any CPU
		{203BB2CE-F074-416C-A6D3-BA984C78AB27}.Debug|Any CPU.Build.0 = Debug|Any CPU
		{203BB2CE-F074-416C-A6D3-BA984C78AB27}.Release|Any CPU.ActiveCfg = Release|Any CPU
		{203BB2CE-F074-416C-A6D3-BA984C78AB27}.Release|Any CPU.Build.0 = Release|Any CPU
		{FB0B33AD-6A46-4C9D-BCE0-C3BD5D27D04C}.Debug|Any CPU.ActiveCfg = Debug|Any CPU
		{FB0B33AD-6A46-4C9D-BCE0-C3BD5D27D04C}.Debug|Any CPU.Build.0 = Debug|Any CPU
		{FB0B33AD-6A46-4C9D-BCE0-C3BD5D27D04C}.Release|Any CPU.ActiveCfg = Release|Any CPU
		{FB0B33AD-6A46-4C9D-BCE0-C3BD5D27D04C}.Release|Any CPU.Build.0 = Release|Any CPU
		{934CFE86-F944-4305-AF57-6F66627A5997}.Debug|Any CPU.ActiveCfg = Debug|Any CPU
		{934CFE86-F944-4305-AF57-6F66627A5997}.Debug|Any CPU.Build.0 = Debug|Any CPU
		{934CFE86-F944-4305-AF57-6F66627A5997}.Release|Any CPU.ActiveCfg = Release|Any CPU
		{934CFE86-F944-4305-AF57-6F66627A5997}.Release|Any CPU.Build.0 = Release|Any CPU
		{01E9FFBA-2A7C-4273-9AA1-FB6DB0371B27}.Debug|Any CPU.ActiveCfg = Debug|Any CPU
		{01E9FFBA-2A7C-4273-9AA1-FB6DB0371B27}.Debug|Any CPU.Build.0 = Debug|Any CPU
		{01E9FFBA-2A7C-4273-9AA1-FB6DB0371B27}.Release|Any CPU.ActiveCfg = Release|Any CPU
		{01E9FFBA-2A7C-4273-9AA1-FB6DB0371B27}.Release|Any CPU.Build.0 = Release|Any CPU
		{FAFA82A0-CBEA-4631-9485-44180873C6C6}.Debug|Any CPU.ActiveCfg = Debug|Any CPU
		{FAFA82A0-CBEA-4631-9485-44180873C6C6}.Debug|Any CPU.Build.0 = Debug|Any CPU
		{FAFA82A0-CBEA-4631-9485-44180873C6C6}.Release|Any CPU.ActiveCfg = Release|Any CPU
		{FAFA82A0-CBEA-4631-9485-44180873C6C6}.Release|Any CPU.Build.0 = Release|Any CPU
	EndGlobalSection
	GlobalSection(SolutionProperties) = preSolution
		HideSolutionNode = FALSE
	EndGlobalSection
	GlobalSection(NestedProjects) = preSolution
		{5E9EB7E1-4AE8-413E-9DB1-4E300C355BA0} = {1227BF6E-1222-4A83-8D35-C59287BFC65D}
		{C2B85005-663A-40CF-8C98-90E371159A8B} = {3F237E49-469E-43E7-BDF2-F255BDBF9D71}
		{D42F731D-A7EF-4E66-9746-B3ACBB790951} = {1227BF6E-1222-4A83-8D35-C59287BFC65D}
		{2C06B334-B5E0-4231-A335-EB034284E041} = {1227BF6E-1222-4A83-8D35-C59287BFC65D}
		{7B93AD6B-59FE-42A6-8B4D-172DDB1965A3} = {1E044BE1-1571-4D38-992B-AA624C9D1262}
		{67E9DF81-EC6D-46AB-92A6-40272F61A054} = {1E044BE1-1571-4D38-992B-AA624C9D1262}
		{5DBDED95-321C-4B77-95A4-395AABCB8CDE} = {1227BF6E-1222-4A83-8D35-C59287BFC65D}
		{66F1A10F-7EF9-42AF-BC49-04DFDF9D81F1} = {3F237E49-469E-43E7-BDF2-F255BDBF9D71}
		{628E7B1A-F325-4D0E-83DC-7B6E2A5FBED7} = {1227BF6E-1222-4A83-8D35-C59287BFC65D}
		{19D5266E-DCDD-430F-BFBF-D90C5AB4B5BF} = {1227BF6E-1222-4A83-8D35-C59287BFC65D}
		{610CB96D-8232-48DD-B27D-636FF9E74A47} = {FE6EB919-FFAA-4758-871A-09A437402DF5}
		{44893853-B60A-48A7-B891-2AA8CF690C19} = {FE6EB919-FFAA-4758-871A-09A437402DF5}
		{3F237E49-469E-43E7-BDF2-F255BDBF9D71} = {FE6EB919-FFAA-4758-871A-09A437402DF5}
		{203BB2CE-F074-416C-A6D3-BA984C78AB27} = {1E044BE1-1571-4D38-992B-AA624C9D1262}
		{FB0B33AD-6A46-4C9D-BCE0-C3BD5D27D04C} = {FE6EB919-FFAA-4758-871A-09A437402DF5}
		{934CFE86-F944-4305-AF57-6F66627A5997} = {FE6EB919-FFAA-4758-871A-09A437402DF5}
		{01E9FFBA-2A7C-4273-9AA1-FB6DB0371B27} = {66584EA8-2A4C-4D2C-A04B-6E22C4F0DA7A}
		{FAFA82A0-CBEA-4631-9485-44180873C6C6} = {66584EA8-2A4C-4D2C-A04B-6E22C4F0DA7A}
	EndGlobalSection
EndGlobal
